Microsoft Visual Studio Solution File, Format Version 12.00
# Visual Studio Version 17
VisualStudioVersion = 17.5.2.0
MinimumVisualStudioVersion = 10.0.40219.1
Project("{FAE04EC0-301F-11D3-BF4B-00C04F79EFBC}") = "iniciante", "iniciante\iniciante.csproj", "{7F8BBBA1-DA94-38B2-2DE5-6505A28BB6E8}"
EndProject
Global
	GlobalSection(SolutionConfigurationPlatforms) = preSolution
		Debug|Any CPU = Debug|Any CPU
		Release|Any CPU = Release|Any CPU
	EndGlobalSection
	GlobalSection(ProjectConfigurationPlatforms) = postSolution
		{7F8BBBA1-DA94-38B2-2DE5-6505A28BB6E8}.Debug|Any CPU.ActiveCfg = Debug|Any CPU
		{7F8BBBA1-DA94-38B2-2DE5-6505A28BB6E8}.Debug|Any CPU.Build.0 = Debug|Any CPU
		{7F8BBBA1-DA94-38B2-2DE5-6505A28BB6E8}.Release|Any CPU.ActiveCfg = Release|Any CPU
		{7F8BBBA1-DA94-38B2-2DE5-6505A28BB6E8}.Release|Any CPU.Build.0 = Release|Any CPU
	EndGlobalSection
	GlobalSection(SolutionProperties) = preSolution
		HideSolutionNode = FALSE
	EndGlobalSection
	GlobalSection(ExtensibilityGlobals) = postSolution
		SolutionGuid = {D6BA45F8-7CD9-48AC-A56A-FC4D06D276FC}
	EndGlobalSection
EndGlobal
